// !$*UTF8*$!
{
	archiveVersion = 1;
	classes = {
	};
	objectVersion = 56;
	objects = {

/* Begin PBXBuildFile section */
		7379B4B82885AD6B00F51453 /* schema.json in Resources */ = {isa = PBXBuildFile; fileRef = 7379B4B72885AD6B00F51453 /* schema.json */; };
		7379B4BC2885ADDA00F51453 /* query.graphql in Resources */ = {isa = PBXBuildFile; fileRef = 7379B4BB2885ADDA00F51453 /* query.graphql */; };
		73AD62012885A35700F61C8A /* contrail2App.swift in Sources */ = {isa = PBXBuildFile; fileRef = 73AD62002885A35700F61C8A /* contrail2App.swift */; };
		73AD62052885A35800F61C8A /* Assets.xcassets in Resources */ = {isa = PBXBuildFile; fileRef = 73AD62042885A35800F61C8A /* Assets.xcassets */; };
		73AD62082885A35800F61C8A /* Preview Assets.xcassets in Resources */ = {isa = PBXBuildFile; fileRef = 73AD62072885A35800F61C8A /* Preview Assets.xcassets */; };
		73AD62122885A35900F61C8A /* contrail2Tests.swift in Sources */ = {isa = PBXBuildFile; fileRef = 73AD62112885A35900F61C8A /* contrail2Tests.swift */; };
		73AD621C2885A35900F61C8A /* contrail2UITests.swift in Sources */ = {isa = PBXBuildFile; fileRef = 73AD621B2885A35900F61C8A /* contrail2UITests.swift */; };
		73AD621E2885A35900F61C8A /* contrail2UITestsLaunchTests.swift in Sources */ = {isa = PBXBuildFile; fileRef = 73AD621D2885A35900F61C8A /* contrail2UITestsLaunchTests.swift */; };
		73AD62312885A4D900F61C8A /* HealthKit.framework in Frameworks */ = {isa = PBXBuildFile; fileRef = 73AD62302885A4D900F61C8A /* HealthKit.framework */; };
		73AD62372885A56C00F61C8A /* MainScreen.swift in Sources */ = {isa = PBXBuildFile; fileRef = 73AD62362885A56C00F61C8A /* MainScreen.swift */; };
		73AD62392885A58800F61C8A /* RideListView.swift in Sources */ = {isa = PBXBuildFile; fileRef = 73AD62382885A58800F61C8A /* RideListView.swift */; };
		73AD623B2885A5A300F61C8A /* RideRowView.swift in Sources */ = {isa = PBXBuildFile; fileRef = 73AD623A2885A5A300F61C8A /* RideRowView.swift */; };
		73AD623D2885A5C600F61C8A /* RideStatisticsRowView.swift in Sources */ = {isa = PBXBuildFile; fileRef = 73AD623C2885A5C600F61C8A /* RideStatisticsRowView.swift */; };
		73AD623F2885A5E800F61C8A /* ViewModelProtocol.swift in Sources */ = {isa = PBXBuildFile; fileRef = 73AD623E2885A5E800F61C8A /* ViewModelProtocol.swift */; };
		73AD62422885A61900F61C8A /* MainViewModel.swift in Sources */ = {isa = PBXBuildFile; fileRef = 73AD62412885A61900F61C8A /* MainViewModel.swift */; };
		73AD62442885A63500F61C8A /* RideListTranslator.swift in Sources */ = {isa = PBXBuildFile; fileRef = 73AD62432885A63500F61C8A /* RideListTranslator.swift */; };
		73AD62472885A66400F61C8A /* ColorExtension.swift in Sources */ = {isa = PBXBuildFile; fileRef = 73AD62462885A66400F61C8A /* ColorExtension.swift */; };
		73AD624A2885A69100F61C8A /* HealthKitClient.swift in Sources */ = {isa = PBXBuildFile; fileRef = 73AD62492885A69100F61C8A /* HealthKitClient.swift */; };
		73AD624C2885A6A900F61C8A /* WorkoutsCacher.swift in Sources */ = {isa = PBXBuildFile; fileRef = 73AD624B2885A6A900F61C8A /* WorkoutsCacher.swift */; };
		73AD62522885ABB300F61C8A /* Apollo in Frameworks */ = {isa = PBXBuildFile; productRef = 73AD62512885ABB300F61C8A /* Apollo */; };
/* End PBXBuildFile section */

/* Begin PBXContainerItemProxy section */
		73AD620E2885A35900F61C8A /* PBXContainerItemProxy */ = {
			isa = PBXContainerItemProxy;
			containerPortal = 73AD61F52885A35700F61C8A /* Project object */;
			proxyType = 1;
			remoteGlobalIDString = 73AD61FC2885A35700F61C8A;
			remoteInfo = contrail2;
		};
		73AD62182885A35900F61C8A /* PBXContainerItemProxy */ = {
			isa = PBXContainerItemProxy;
			containerPortal = 73AD61F52885A35700F61C8A /* Project object */;
			proxyType = 1;
			remoteGlobalIDString = 73AD61FC2885A35700F61C8A;
			remoteInfo = contrail2;
		};
/* End PBXContainerItemProxy section */

/* Begin PBXFileReference section */
		7379B4B72885AD6B00F51453 /* schema.json */ = {isa = PBXFileReference; fileEncoding = 4; lastKnownFileType = text.json; path = schema.json; sourceTree = "<group>"; };
		7379B4BB2885ADDA00F51453 /* query.graphql */ = {isa = PBXFileReference; lastKnownFileType = text; path = query.graphql; sourceTree = "<group>"; };
		73AD61FD2885A35700F61C8A /* contrail2.app */ = {isa = PBXFileReference; explicitFileType = wrapper.application; includeInIndex = 0; path = contrail2.app; sourceTree = BUILT_PRODUCTS_DIR; };
		73AD62002885A35700F61C8A /* contrail2App.swift */ = {isa = PBXFileReference; lastKnownFileType = sourcecode.swift; path = contrail2App.swift; sourceTree = "<group>"; };
		73AD62042885A35800F61C8A /* Assets.xcassets */ = {isa = PBXFileReference; lastKnownFileType = folder.assetcatalog; path = Assets.xcassets; sourceTree = "<group>"; };
		73AD62072885A35800F61C8A /* Preview Assets.xcassets */ = {isa = PBXFileReference; lastKnownFileType = folder.assetcatalog; path = "Preview Assets.xcassets"; sourceTree = "<group>"; };
		73AD620D2885A35900F61C8A /* contrail2Tests.xctest */ = {isa = PBXFileReference; explicitFileType = wrapper.cfbundle; includeInIndex = 0; path = contrail2Tests.xctest; sourceTree = BUILT_PRODUCTS_DIR; };
		73AD62112885A35900F61C8A /* contrail2Tests.swift */ = {isa = PBXFileReference; lastKnownFileType = sourcecode.swift; path = contrail2Tests.swift; sourceTree = "<group>"; };
		73AD62172885A35900F61C8A /* contrail2UITests.xctest */ = {isa = PBXFileReference; explicitFileType = wrapper.cfbundle; includeInIndex = 0; path = contrail2UITests.xctest; sourceTree = BUILT_PRODUCTS_DIR; };
		73AD621B2885A35900F61C8A /* contrail2UITests.swift */ = {isa = PBXFileReference; lastKnownFileType = sourcecode.swift; path = contrail2UITests.swift; sourceTree = "<group>"; };
		73AD621D2885A35900F61C8A /* contrail2UITestsLaunchTests.swift */ = {isa = PBXFileReference; lastKnownFileType = sourcecode.swift; path = contrail2UITestsLaunchTests.swift; sourceTree = "<group>"; };
		73AD62302885A4D900F61C8A /* HealthKit.framework */ = {isa = PBXFileReference; lastKnownFileType = wrapper.framework; name = HealthKit.framework; path = System/Library/Frameworks/HealthKit.framework; sourceTree = SDKROOT; };
		73AD62362885A56C00F61C8A /* MainScreen.swift */ = {isa = PBXFileReference; lastKnownFileType = sourcecode.swift; path = MainScreen.swift; sourceTree = "<group>"; };
		73AD62382885A58800F61C8A /* RideListView.swift */ = {isa = PBXFileReference; lastKnownFileType = sourcecode.swift; path = RideListView.swift; sourceTree = "<group>"; };
		73AD623A2885A5A300F61C8A /* RideRowView.swift */ = {isa = PBXFileReference; lastKnownFileType = sourcecode.swift; path = RideRowView.swift; sourceTree = "<group>"; };
		73AD623C2885A5C600F61C8A /* RideStatisticsRowView.swift */ = {isa = PBXFileReference; lastKnownFileType = sourcecode.swift; path = RideStatisticsRowView.swift; sourceTree = "<group>"; };
		73AD623E2885A5E800F61C8A /* ViewModelProtocol.swift */ = {isa = PBXFileReference; lastKnownFileType = sourcecode.swift; path = ViewModelProtocol.swift; sourceTree = "<group>"; };
		73AD62412885A61900F61C8A /* MainViewModel.swift */ = {isa = PBXFileReference; lastKnownFileType = sourcecode.swift; path = MainViewModel.swift; sourceTree = "<group>"; };
		73AD62432885A63500F61C8A /* RideListTranslator.swift */ = {isa = PBXFileReference; lastKnownFileType = sourcecode.swift; path = RideListTranslator.swift; sourceTree = "<group>"; };
		73AD62462885A66400F61C8A /* ColorExtension.swift */ = {isa = PBXFileReference; lastKnownFileType = sourcecode.swift; path = ColorExtension.swift; sourceTree = "<group>"; };
		73AD62492885A69100F61C8A /* HealthKitClient.swift */ = {isa = PBXFileReference; lastKnownFileType = sourcecode.swift; path = HealthKitClient.swift; sourceTree = "<group>"; };
		73AD624B2885A6A900F61C8A /* WorkoutsCacher.swift */ = {isa = PBXFileReference; lastKnownFileType = sourcecode.swift; path = WorkoutsCacher.swift; sourceTree = "<group>"; };
		73AD624F2885A8E200F61C8A /* contrail2.entitlements */ = {isa = PBXFileReference; lastKnownFileType = text.plist.entitlements; path = contrail2.entitlements; sourceTree = "<group>"; };
/* End PBXFileReference section */

/* Begin PBXFrameworksBuildPhase section */
		73AD61FA2885A35700F61C8A /* Frameworks */ = {
			isa = PBXFrameworksBuildPhase;
			buildActionMask = 2147483647;
			files = (
				73AD62312885A4D900F61C8A /* HealthKit.framework in Frameworks */,
				73AD62522885ABB300F61C8A /* Apollo in Frameworks */,
			);
			runOnlyForDeploymentPostprocessing = 0;
		};
		73AD620A2885A35900F61C8A /* Frameworks */ = {
			isa = PBXFrameworksBuildPhase;
			buildActionMask = 2147483647;
			files = (
			);
			runOnlyForDeploymentPostprocessing = 0;
		};
		73AD62142885A35900F61C8A /* Frameworks */ = {
			isa = PBXFrameworksBuildPhase;
			buildActionMask = 2147483647;
			files = (
			);
			runOnlyForDeploymentPostprocessing = 0;
		};
/* End PBXFrameworksBuildPhase section */

/* Begin PBXGroup section */
		7379B4BA2885ADC800F51453 /* GraphQL */ = {
			isa = PBXGroup;
			children = (
				7379B4BB2885ADDA00F51453 /* query.graphql */,
			);
			path = GraphQL;
			sourceTree = "<group>";
		};
		73AD61F42885A35700F61C8A = {
			isa = PBXGroup;
			children = (
				73AD61FF2885A35700F61C8A /* contrail2 */,
				73AD62102885A35900F61C8A /* contrail2Tests */,
				73AD621A2885A35900F61C8A /* contrail2UITests */,
				73AD61FE2885A35700F61C8A /* Products */,
				73AD622F2885A4D900F61C8A /* Frameworks */,
			);
			sourceTree = "<group>";
		};
		73AD61FE2885A35700F61C8A /* Products */ = {
			isa = PBXGroup;
			children = (
				73AD61FD2885A35700F61C8A /* contrail2.app */,
				73AD620D2885A35900F61C8A /* contrail2Tests.xctest */,
				73AD62172885A35900F61C8A /* contrail2UITests.xctest */,
			);
			name = Products;
			sourceTree = "<group>";
		};
		73AD61FF2885A35700F61C8A /* contrail2 */ = {
			isa = PBXGroup;
			children = (
				7379B4BA2885ADC800F51453 /* GraphQL */,
				73AD624F2885A8E200F61C8A /* contrail2.entitlements */,
				7379B4B72885AD6B00F51453 /* schema.json */,
				73AD62322885A53B00F61C8A /* Sources */,
				73AD62002885A35700F61C8A /* contrail2App.swift */,
				73AD62042885A35800F61C8A /* Assets.xcassets */,
				73AD62062885A35800F61C8A /* Preview Content */,
			);
			path = contrail2;
			sourceTree = "<group>";
		};
		73AD62062885A35800F61C8A /* Preview Content */ = {
			isa = PBXGroup;
			children = (
				73AD62072885A35800F61C8A /* Preview Assets.xcassets */,
			);
			path = "Preview Content";
			sourceTree = "<group>";
		};
		73AD62102885A35900F61C8A /* contrail2Tests */ = {
			isa = PBXGroup;
			children = (
				73AD62112885A35900F61C8A /* contrail2Tests.swift */,
			);
			path = contrail2Tests;
			sourceTree = "<group>";
		};
		73AD621A2885A35900F61C8A /* contrail2UITests */ = {
			isa = PBXGroup;
			children = (
				73AD621B2885A35900F61C8A /* contrail2UITests.swift */,
				73AD621D2885A35900F61C8A /* contrail2UITestsLaunchTests.swift */,
			);
			path = contrail2UITests;
			sourceTree = "<group>";
		};
		73AD622F2885A4D900F61C8A /* Frameworks */ = {
			isa = PBXGroup;
			children = (
				73AD62302885A4D900F61C8A /* HealthKit.framework */,
			);
			name = Frameworks;
			sourceTree = "<group>";
		};
		73AD62322885A53B00F61C8A /* Sources */ = {
			isa = PBXGroup;
			children = (
				73AD62482885A68300F61C8A /* Model */,
				73AD62452885A65500F61C8A /* Extension */,
				73AD62402885A5FC00F61C8A /* ViewModel */,
				73AD62332885A54600F61C8A /* View */,
			);
			path = Sources;
			sourceTree = "<group>";
		};
		73AD62332885A54600F61C8A /* View */ = {
			isa = PBXGroup;
			children = (
				73AD62342885A54C00F61C8A /* Main */,
				73AD623E2885A5E800F61C8A /* ViewModelProtocol.swift */,
			);
			path = View;
			sourceTree = "<group>";
		};
		73AD62342885A54C00F61C8A /* Main */ = {
			isa = PBXGroup;
			children = (
				73AD62362885A56C00F61C8A /* MainScreen.swift */,
				73AD62382885A58800F61C8A /* RideListView.swift */,
				73AD623A2885A5A300F61C8A /* RideRowView.swift */,
				73AD623C2885A5C600F61C8A /* RideStatisticsRowView.swift */,
			);
			path = Main;
			sourceTree = "<group>";
		};
		73AD62402885A5FC00F61C8A /* ViewModel */ = {
			isa = PBXGroup;
			children = (
				73AD62412885A61900F61C8A /* MainViewModel.swift */,
				73AD62432885A63500F61C8A /* RideListTranslator.swift */,
			);
			path = ViewModel;
			sourceTree = "<group>";
		};
		73AD62452885A65500F61C8A /* Extension */ = {
			isa = PBXGroup;
			children = (
				73AD62462885A66400F61C8A /* ColorExtension.swift */,
			);
			path = Extension;
			sourceTree = "<group>";
		};
		73AD62482885A68300F61C8A /* Model */ = {
			isa = PBXGroup;
			children = (
				73AD62492885A69100F61C8A /* HealthKitClient.swift */,
				73AD624B2885A6A900F61C8A /* WorkoutsCacher.swift */,
			);
			path = Model;
			sourceTree = "<group>";
		};
/* End PBXGroup section */

/* Begin PBXNativeTarget section */
		73AD61FC2885A35700F61C8A /* contrail2 */ = {
			isa = PBXNativeTarget;
			buildConfigurationList = 73AD62212885A35900F61C8A /* Build configuration list for PBXNativeTarget "contrail2" */;
			buildPhases = (
				73AD62552885AC1700F61C8A /* Generate Apollo GraphQL API */,
				73AD61F92885A35700F61C8A /* Sources */,
				73AD61FA2885A35700F61C8A /* Frameworks */,
				73AD61FB2885A35700F61C8A /* Resources */,
			);
			buildRules = (
			);
			dependencies = (
			);
			name = contrail2;
			packageProductDependencies = (
				73AD62512885ABB300F61C8A /* Apollo */,
			);
			productName = contrail2;
			productReference = 73AD61FD2885A35700F61C8A /* contrail2.app */;
			productType = "com.apple.product-type.application";
		};
		73AD620C2885A35900F61C8A /* contrail2Tests */ = {
			isa = PBXNativeTarget;
			buildConfigurationList = 73AD62242885A35900F61C8A /* Build configuration list for PBXNativeTarget "contrail2Tests" */;
			buildPhases = (
				73AD62092885A35900F61C8A /* Sources */,
				73AD620A2885A35900F61C8A /* Frameworks */,
				73AD620B2885A35900F61C8A /* Resources */,
			);
			buildRules = (
			);
			dependencies = (
				73AD620F2885A35900F61C8A /* PBXTargetDependency */,
			);
			name = contrail2Tests;
			productName = contrail2Tests;
			productReference = 73AD620D2885A35900F61C8A /* contrail2Tests.xctest */;
			productType = "com.apple.product-type.bundle.unit-test";
		};
		73AD62162885A35900F61C8A /* contrail2UITests */ = {
			isa = PBXNativeTarget;
			buildConfigurationList = 73AD62272885A35900F61C8A /* Build configuration list for PBXNativeTarget "contrail2UITests" */;
			buildPhases = (
				73AD62132885A35900F61C8A /* Sources */,
				73AD62142885A35900F61C8A /* Frameworks */,
				73AD62152885A35900F61C8A /* Resources */,
			);
			buildRules = (
			);
			dependencies = (
				73AD62192885A35900F61C8A /* PBXTargetDependency */,
			);
			name = contrail2UITests;
			productName = contrail2UITests;
			productReference = 73AD62172885A35900F61C8A /* contrail2UITests.xctest */;
			productType = "com.apple.product-type.bundle.ui-testing";
		};
/* End PBXNativeTarget section */

/* Begin PBXProject section */
		73AD61F52885A35700F61C8A /* Project object */ = {
			isa = PBXProject;
			attributes = {
				BuildIndependentTargetsInParallel = 1;
				LastSwiftUpdateCheck = 1400;
				LastUpgradeCheck = 1400;
				TargetAttributes = {
					73AD61FC2885A35700F61C8A = {
						CreatedOnToolsVersion = 14.0;
					};
					73AD620C2885A35900F61C8A = {
						CreatedOnToolsVersion = 14.0;
						TestTargetID = 73AD61FC2885A35700F61C8A;
					};
					73AD62162885A35900F61C8A = {
						CreatedOnToolsVersion = 14.0;
						TestTargetID = 73AD61FC2885A35700F61C8A;
					};
				};
			};
			buildConfigurationList = 73AD61F82885A35700F61C8A /* Build configuration list for PBXProject "contrail2" */;
			compatibilityVersion = "Xcode 14.0";
			developmentRegion = en;
			hasScannedForEncodings = 0;
			knownRegions = (
				en,
				Base,
			);
			mainGroup = 73AD61F42885A35700F61C8A;
			packageReferences = (
				73AD62502885ABB300F61C8A /* XCRemoteSwiftPackageReference "apollo-ios" */,
			);
			productRefGroup = 73AD61FE2885A35700F61C8A /* Products */;
			projectDirPath = "";
			projectRoot = "";
			targets = (
				73AD61FC2885A35700F61C8A /* contrail2 */,
				73AD620C2885A35900F61C8A /* contrail2Tests */,
				73AD62162885A35900F61C8A /* contrail2UITests */,
			);
		};
/* End PBXProject section */

/* Begin PBXResourcesBuildPhase section */
		73AD61FB2885A35700F61C8A /* Resources */ = {
			isa = PBXResourcesBuildPhase;
			buildActionMask = 2147483647;
			files = (
				7379B4BC2885ADDA00F51453 /* query.graphql in Resources */,
				73AD62082885A35800F61C8A /* Preview Assets.xcassets in Resources */,
				7379B4B82885AD6B00F51453 /* schema.json in Resources */,
				73AD62052885A35800F61C8A /* Assets.xcassets in Resources */,
			);
			runOnlyForDeploymentPostprocessing = 0;
		};
		73AD620B2885A35900F61C8A /* Resources */ = {
			isa = PBXResourcesBuildPhase;
			buildActionMask = 2147483647;
			files = (
			);
			runOnlyForDeploymentPostprocessing = 0;
		};
		73AD62152885A35900F61C8A /* Resources */ = {
			isa = PBXResourcesBuildPhase;
			buildActionMask = 2147483647;
			files = (
			);
			runOnlyForDeploymentPostprocessing = 0;
		};
/* End PBXResourcesBuildPhase section */

/* Begin PBXShellScriptBuildPhase section */
		73AD62552885AC1700F61C8A /* Generate Apollo GraphQL API */ = {
			isa = PBXShellScriptBuildPhase;
			buildActionMask = 2147483647;
			files = (
			);
			inputFileListPaths = (
			);
			inputPaths = (
			);
			name = "Generate Apollo GraphQL API";
			outputFileListPaths = (
			);
			outputPaths = (
			);
			runOnlyForDeploymentPostprocessing = 0;
			shellPath = /bin/sh;
			shellScript = "# Don't run this during index builds\nif [ $ACTION = \"indexbuild\" ]; then exit 0; fi\n\n# Go to the build root and search up the chain to find the Derived Data Path where the source packages are checked out.\nDERIVED_DATA_CANDIDATE=\"${BUILD_ROOT}\"\n\nwhile ! [ -d \"${DERIVED_DATA_CANDIDATE}/SourcePackages\" ]; do\n  if [ \"${DERIVED_DATA_CANDIDATE}\" = / ]; then\n    echo >&2 \"error: Unable to locate SourcePackages directory from BUILD_ROOT: '${BUILD_ROOT}'\"\n    exit 1\n  fi\n\n  DERIVED_DATA_CANDIDATE=\"$(dirname \"${DERIVED_DATA_CANDIDATE}\")\"\ndone\n\n# Grab a reference to the directory where scripts are checked out\nSCRIPT_PATH=\"${DERIVED_DATA_CANDIDATE}/SourcePackages/checkouts/apollo-ios/scripts\"\n\nif [ -z \"${SCRIPT_PATH}\" ]; then\n    echo >&2 \"error: Couldn't find the CLI script in your checked out SPM packages; make sure to add the framework to your project.\"\n    exit 1\nfi\n\ncd \"${SRCROOT}/${TARGET_NAME}\"\n\"${SCRIPT_PATH}\"/run-bundled-codegen.sh codegen:generate --target=swift --includes=./**/*.graphql --localSchemaFile=\"schema.json\" API.swift\n";
		};
/* End PBXShellScriptBuildPhase section */

/* Begin PBXSourcesBuildPhase section */
		73AD61F92885A35700F61C8A /* Sources */ = {
			isa = PBXSourcesBuildPhase;
			buildActionMask = 2147483647;
			files = (
				73AD623D2885A5C600F61C8A /* RideStatisticsRowView.swift in Sources */,
				73AD623B2885A5A300F61C8A /* RideRowView.swift in Sources */,
				73AD62392885A58800F61C8A /* RideListView.swift in Sources */,
				73AD624C2885A6A900F61C8A /* WorkoutsCacher.swift in Sources */,
				73AD62372885A56C00F61C8A /* MainScreen.swift in Sources */,
				73AD62442885A63500F61C8A /* RideListTranslator.swift in Sources */,
				73AD623F2885A5E800F61C8A /* ViewModelProtocol.swift in Sources */,
				73AD62012885A35700F61C8A /* contrail2App.swift in Sources */,
				73AD62422885A61900F61C8A /* MainViewModel.swift in Sources */,
				73AD624A2885A69100F61C8A /* HealthKitClient.swift in Sources */,
				73AD62472885A66400F61C8A /* ColorExtension.swift in Sources */,
			);
			runOnlyForDeploymentPostprocessing = 0;
		};
		73AD62092885A35900F61C8A /* Sources */ = {
			isa = PBXSourcesBuildPhase;
			buildActionMask = 2147483647;
			files = (
				73AD62122885A35900F61C8A /* contrail2Tests.swift in Sources */,
			);
			runOnlyForDeploymentPostprocessing = 0;
		};
		73AD62132885A35900F61C8A /* Sources */ = {
			isa = PBXSourcesBuildPhase;
			buildActionMask = 2147483647;
			files = (
				73AD621C2885A35900F61C8A /* contrail2UITests.swift in Sources */,
				73AD621E2885A35900F61C8A /* contrail2UITestsLaunchTests.swift in Sources */,
			);
			runOnlyForDeploymentPostprocessing = 0;
		};
/* End PBXSourcesBuildPhase section */

/* Begin PBXTargetDependency section */
		73AD620F2885A35900F61C8A /* PBXTargetDependency */ = {
			isa = PBXTargetDependency;
			target = 73AD61FC2885A35700F61C8A /* contrail2 */;
			targetProxy = 73AD620E2885A35900F61C8A /* PBXContainerItemProxy */;
		};
		73AD62192885A35900F61C8A /* PBXTargetDependency */ = {
			isa = PBXTargetDependency;
			target = 73AD61FC2885A35700F61C8A /* contrail2 */;
			targetProxy = 73AD62182885A35900F61C8A /* PBXContainerItemProxy */;
		};
/* End PBXTargetDependency section */

/* Begin XCBuildConfiguration section */
		73AD621F2885A35900F61C8A /* Debug */ = {
			isa = XCBuildConfiguration;
			buildSettings = {
				ALWAYS_SEARCH_USER_PATHS = NO;
				CLANG_ANALYZER_NONNULL = YES;
				CLANG_ANALYZER_NUMBER_OBJECT_CONVERSION = YES_AGGRESSIVE;
				CLANG_CXX_LANGUAGE_STANDARD = "gnu++17";
				CLANG_ENABLE_MODULES = YES;
				CLANG_ENABLE_OBJC_ARC = YES;
				CLANG_ENABLE_OBJC_WEAK = YES;
				CLANG_WARN_BLOCK_CAPTURE_AUTORELEASING = YES;
				CLANG_WARN_BOOL_CONVERSION = YES;
				CLANG_WARN_COMMA = YES;
				CLANG_WARN_CONSTANT_CONVERSION = YES;
				CLANG_WARN_DEPRECATED_OBJC_IMPLEMENTATIONS = YES;
				CLANG_WARN_DIRECT_OBJC_ISA_USAGE = YES_ERROR;
				CLANG_WARN_DOCUMENTATION_COMMENTS = YES;
				CLANG_WARN_EMPTY_BODY = YES;
				CLANG_WARN_ENUM_CONVERSION = YES;
				CLANG_WARN_INFINITE_RECURSION = YES;
				CLANG_WARN_INT_CONVERSION = YES;
				CLANG_WARN_NON_LITERAL_NULL_CONVERSION = YES;
				CLANG_WARN_OBJC_IMPLICIT_RETAIN_SELF = YES;
				CLANG_WARN_OBJC_LITERAL_CONVERSION = YES;
				CLANG_WARN_OBJC_ROOT_CLASS = YES_ERROR;
				CLANG_WARN_QUOTED_INCLUDE_IN_FRAMEWORK_HEADER = YES;
				CLANG_WARN_RANGE_LOOP_ANALYSIS = YES;
				CLANG_WARN_STRICT_PROTOTYPES = YES;
				CLANG_WARN_SUSPICIOUS_MOVE = YES;
				CLANG_WARN_UNGUARDED_AVAILABILITY = YES_AGGRESSIVE;
				CLANG_WARN_UNREACHABLE_CODE = YES;
				CLANG_WARN__DUPLICATE_METHOD_MATCH = YES;
				COPY_PHASE_STRIP = NO;
				DEBUG_INFORMATION_FORMAT = dwarf;
				ENABLE_STRICT_OBJC_MSGSEND = YES;
				ENABLE_TESTABILITY = YES;
				GCC_C_LANGUAGE_STANDARD = gnu11;
				GCC_DYNAMIC_NO_PIC = NO;
				GCC_NO_COMMON_BLOCKS = YES;
				GCC_OPTIMIZATION_LEVEL = 0;
				GCC_PREPROCESSOR_DEFINITIONS = (
					"DEBUG=1",
					"$(inherited)",
				);
				GCC_WARN_64_TO_32_BIT_CONVERSION = YES;
				GCC_WARN_ABOUT_RETURN_TYPE = YES_ERROR;
				GCC_WARN_UNDECLARED_SELECTOR = YES;
				GCC_WARN_UNINITIALIZED_AUTOS = YES_AGGRESSIVE;
				GCC_WARN_UNUSED_FUNCTION = YES;
				GCC_WARN_UNUSED_VARIABLE = YES;
				IPHONEOS_DEPLOYMENT_TARGET = 16.0;
				MTL_ENABLE_DEBUG_INFO = INCLUDE_SOURCE;
				MTL_FAST_MATH = YES;
				ONLY_ACTIVE_ARCH = YES;
				SDKROOT = iphoneos;
				SWIFT_ACTIVE_COMPILATION_CONDITIONS = DEBUG;
				SWIFT_OPTIMIZATION_LEVEL = "-Onone";
			};
			name = Debug;
		};
		73AD62202885A35900F61C8A /* Release */ = {
			isa = XCBuildConfiguration;
			buildSettings = {
				ALWAYS_SEARCH_USER_PATHS = NO;
				CLANG_ANALYZER_NONNULL = YES;
				CLANG_ANALYZER_NUMBER_OBJECT_CONVERSION = YES_AGGRESSIVE;
				CLANG_CXX_LANGUAGE_STANDARD = "gnu++17";
				CLANG_ENABLE_MODULES = YES;
				CLANG_ENABLE_OBJC_ARC = YES;
				CLANG_ENABLE_OBJC_WEAK = YES;
				CLANG_WARN_BLOCK_CAPTURE_AUTORELEASING = YES;
				CLANG_WARN_BOOL_CONVERSION = YES;
				CLANG_WARN_COMMA = YES;
				CLANG_WARN_CONSTANT_CONVERSION = YES;
				CLANG_WARN_DEPRECATED_OBJC_IMPLEMENTATIONS = YES;
				CLANG_WARN_DIRECT_OBJC_ISA_USAGE = YES_ERROR;
				CLANG_WARN_DOCUMENTATION_COMMENTS = YES;
				CLANG_WARN_EMPTY_BODY = YES;
				CLANG_WARN_ENUM_CONVERSION = YES;
				CLANG_WARN_INFINITE_RECURSION = YES;
				CLANG_WARN_INT_CONVERSION = YES;
				CLANG_WARN_NON_LITERAL_NULL_CONVERSION = YES;
				CLANG_WARN_OBJC_IMPLICIT_RETAIN_SELF = YES;
				CLANG_WARN_OBJC_LITERAL_CONVERSION = YES;
				CLANG_WARN_OBJC_ROOT_CLASS = YES_ERROR;
				CLANG_WARN_QUOTED_INCLUDE_IN_FRAMEWORK_HEADER = YES;
				CLANG_WARN_RANGE_LOOP_ANALYSIS = YES;
				CLANG_WARN_STRICT_PROTOTYPES = YES;
				CLANG_WARN_SUSPICIOUS_MOVE = YES;
				CLANG_WARN_UNGUARDED_AVAILABILITY = YES_AGGRESSIVE;
				CLANG_WARN_UNREACHABLE_CODE = YES;
				CLANG_WARN__DUPLICATE_METHOD_MATCH = YES;
				COPY_PHASE_STRIP = NO;
				DEBUG_INFORMATION_FORMAT = "dwarf-with-dsym";
				ENABLE_NS_ASSERTIONS = NO;
				ENABLE_STRICT_OBJC_MSGSEND = YES;
				GCC_C_LANGUAGE_STANDARD = gnu11;
				GCC_NO_COMMON_BLOCKS = YES;
				GCC_WARN_64_TO_32_BIT_CONVERSION = YES;
				GCC_WARN_ABOUT_RETURN_TYPE = YES_ERROR;
				GCC_WARN_UNDECLARED_SELECTOR = YES;
				GCC_WARN_UNINITIALIZED_AUTOS = YES_AGGRESSIVE;
				GCC_WARN_UNUSED_FUNCTION = YES;
				GCC_WARN_UNUSED_VARIABLE = YES;
				IPHONEOS_DEPLOYMENT_TARGET = 16.0;
				MTL_ENABLE_DEBUG_INFO = NO;
				MTL_FAST_MATH = YES;
				SDKROOT = iphoneos;
				SWIFT_COMPILATION_MODE = wholemodule;
				SWIFT_OPTIMIZATION_LEVEL = "-O";
				VALIDATE_PRODUCT = YES;
			};
			name = Release;
		};
		73AD62222885A35900F61C8A /* Debug */ = {
			isa = XCBuildConfiguration;
			buildSettings = {
				ASSETCATALOG_COMPILER_APPICON_NAME = AppIcon;
				ASSETCATALOG_COMPILER_GLOBAL_ACCENT_COLOR_NAME = AccentColor;
				CODE_SIGN_ENTITLEMENTS = contrail2/contrail2.entitlements;
				"CODE_SIGN_IDENTITY[sdk=iphoneos*]" = "iPhone Developer";
				CODE_SIGN_STYLE = Manual;
				CURRENT_PROJECT_VERSION = 1;
				DEVELOPMENT_ASSET_PATHS = "\"contrail2/Preview Content\"";
				DEVELOPMENT_TEAM = "";
				"DEVELOPMENT_TEAM[sdk=iphoneos*]" = 2YRXH6ZZZY;
				ENABLE_PREVIEWS = YES;
				GENERATE_INFOPLIST_FILE = YES;
				INFOPLIST_KEY_NSHealthShareUsageDescription = "Get a bike & running workout.";
				INFOPLIST_KEY_UIApplicationSceneManifest_Generation = YES;
				INFOPLIST_KEY_UIApplicationSupportsIndirectInputEvents = YES;
				INFOPLIST_KEY_UILaunchScreen_Generation = YES;
				INFOPLIST_KEY_UISupportedInterfaceOrientations_iPad = "UIInterfaceOrientationPortrait UIInterfaceOrientationPortraitUpsideDown UIInterfaceOrientationLandscapeLeft UIInterfaceOrientationLandscapeRight";
				INFOPLIST_KEY_UISupportedInterfaceOrientations_iPhone = "UIInterfaceOrientationPortrait UIInterfaceOrientationLandscapeLeft UIInterfaceOrientationLandscapeRight";
				LD_RUNPATH_SEARCH_PATHS = (
					"$(inherited)",
					"@executable_path/Frameworks",
				);
				MARKETING_VERSION = 1.0;
				PRODUCT_BUNDLE_IDENTIFIER = dev.tokizuoh.contrail2;
				PRODUCT_NAME = "$(TARGET_NAME)";
				PROVISIONING_PROFILE_SPECIFIER = "";
				"PROVISIONING_PROFILE_SPECIFIER[sdk=iphoneos*]" = contrail2Provisioning;
				SWIFT_EMIT_LOC_STRINGS = YES;
				SWIFT_VERSION = 5.0;
				TARGETED_DEVICE_FAMILY = "1,2";
			};
			name = Debug;
		};
		73AD62232885A35900F61C8A /* Release */ = {
			isa = XCBuildConfiguration;
			buildSettings = {
				ASSETCATALOG_COMPILER_APPICON_NAME = AppIcon;
				ASSETCATALOG_COMPILER_GLOBAL_ACCENT_COLOR_NAME = AccentColor;
				CODE_SIGN_ENTITLEMENTS = contrail2/contrail2.entitlements;
				"CODE_SIGN_IDENTITY[sdk=iphoneos*]" = "iPhone Developer";
				CODE_SIGN_STYLE = Manual;
				CURRENT_PROJECT_VERSION = 1;
				DEVELOPMENT_ASSET_PATHS = "\"contrail2/Preview Content\"";
				DEVELOPMENT_TEAM = "";
				"DEVELOPMENT_TEAM[sdk=iphoneos*]" = 2YRXH6ZZZY;
				ENABLE_PREVIEWS = YES;
				GENERATE_INFOPLIST_FILE = YES;
				INFOPLIST_KEY_NSHealthShareUsageDescription = "Get a bike & running workout.";
				INFOPLIST_KEY_UIApplicationSceneManifest_Generation = YES;
				INFOPLIST_KEY_UIApplicationSupportsIndirectInputEvents = YES;
				INFOPLIST_KEY_UILaunchScreen_Generation = YES;
				INFOPLIST_KEY_UISupportedInterfaceOrientations_iPad = "UIInterfaceOrientationPortrait UIInterfaceOrientationPortraitUpsideDown UIInterfaceOrientationLandscapeLeft UIInterfaceOrientationLandscapeRight";
				INFOPLIST_KEY_UISupportedInterfaceOrientations_iPhone = "UIInterfaceOrientationPortrait UIInterfaceOrientationLandscapeLeft UIInterfaceOrientationLandscapeRight";
				LD_RUNPATH_SEARCH_PATHS = (
					"$(inherited)",
					"@executable_path/Frameworks",
				);
				MARKETING_VERSION = 1.0;
				PRODUCT_BUNDLE_IDENTIFIER = dev.tokizuoh.contrail2;
				PRODUCT_NAME = "$(TARGET_NAME)";
				PROVISIONING_PROFILE_SPECIFIER = "";
				"PROVISIONING_PROFILE_SPECIFIER[sdk=iphoneos*]" = contrail2Provisioning;
				SWIFT_EMIT_LOC_STRINGS = YES;
				SWIFT_VERSION = 5.0;
				TARGETED_DEVICE_FAMILY = "1,2";
			};
			name = Release;
		};
		73AD62252885A35900F61C8A /* Debug */ = {
			isa = XCBuildConfiguration;
			buildSettings = {
				ALWAYS_EMBED_SWIFT_STANDARD_LIBRARIES = YES;
				BUNDLE_LOADER = "$(TEST_HOST)";
				CODE_SIGN_STYLE = Automatic;
				CURRENT_PROJECT_VERSION = 1;
				DEVELOPMENT_TEAM = 2YRXH6ZZZY;
				GENERATE_INFOPLIST_FILE = YES;
				IPHONEOS_DEPLOYMENT_TARGET = 16.0;
				MARKETING_VERSION = 1.0;
				PRODUCT_BUNDLE_IDENTIFIER = dev.tokizuoh.contrail2Tests;
				PRODUCT_NAME = "$(TARGET_NAME)";
				SWIFT_EMIT_LOC_STRINGS = NO;
				SWIFT_VERSION = 5.0;
				TARGETED_DEVICE_FAMILY = "1,2";
				TEST_HOST = "$(BUILT_PRODUCTS_DIR)/contrail2.app/$(BUNDLE_EXECUTABLE_FOLDER_PATH)/contrail2";
			};
			name = Debug;
		};
		73AD62262885A35900F61C8A /* Release */ = {
			isa = XCBuildConfiguration;
			buildSettings = {
				ALWAYS_EMBED_SWIFT_STANDARD_LIBRARIES = YES;
				BUNDLE_LOADER = "$(TEST_HOST)";
				CODE_SIGN_STYLE = Automatic;
				CURRENT_PROJECT_VERSION = 1;
				DEVELOPMENT_TEAM = 2YRXH6ZZZY;
				GENERATE_INFOPLIST_FILE = YES;
				IPHONEOS_DEPLOYMENT_TARGET = 16.0;
				MARKETING_VERSION = 1.0;
				PRODUCT_BUNDLE_IDENTIFIER = dev.tokizuoh.contrail2Tests;
				PRODUCT_NAME = "$(TARGET_NAME)";
				SWIFT_EMIT_LOC_STRINGS = NO;
				SWIFT_VERSION = 5.0;
				TARGETED_DEVICE_FAMILY = "1,2";
				TEST_HOST = "$(BUILT_PRODUCTS_DIR)/contrail2.app/$(BUNDLE_EXECUTABLE_FOLDER_PATH)/contrail2";
			};
			name = Release;
		};
		73AD62282885A35900F61C8A /* Debug */ = {
			isa = XCBuildConfiguration;
			buildSettings = {
				ALWAYS_EMBED_SWIFT_STANDARD_LIBRARIES = YES;
				CODE_SIGN_STYLE = Automatic;
				CURRENT_PROJECT_VERSION = 1;
				DEVELOPMENT_TEAM = 2YRXH6ZZZY;
				GENERATE_INFOPLIST_FILE = YES;
				MARKETING_VERSION = 1.0;
				PRODUCT_BUNDLE_IDENTIFIER = dev.tokizuoh.contrail2UITests;
				PRODUCT_NAME = "$(TARGET_NAME)";
				SWIFT_EMIT_LOC_STRINGS = NO;
				SWIFT_VERSION = 5.0;
				TARGETED_DEVICE_FAMILY = "1,2";
				TEST_TARGET_NAME = contrail2;
			};
			name = Debug;
		};
		73AD62292885A35900F61C8A /* Release */ = {
			isa = XCBuildConfiguration;
			buildSettings = {
				ALWAYS_EMBED_SWIFT_STANDARD_LIBRARIES = YES;
				CODE_SIGN_STYLE = Automatic;
				CURRENT_PROJECT_VERSION = 1;
				DEVELOPMENT_TEAM = 2YRXH6ZZZY;
				GENERATE_INFOPLIST_FILE = YES;
				MARKETING_VERSION = 1.0;
				PRODUCT_BUNDLE_IDENTIFIER = dev.tokizuoh.contrail2UITests;
				PRODUCT_NAME = "$(TARGET_NAME)";
				SWIFT_EMIT_LOC_STRINGS = NO;
				SWIFT_VERSION = 5.0;
				TARGETED_DEVICE_FAMILY = "1,2";
				TEST_TARGET_NAME = contrail2;
			};
			name = Release;
		};
/* End XCBuildConfiguration section */

/* Begin XCConfigurationList section */
		73AD61F82885A35700F61C8A /* Build configuration list for PBXProject "contrail2" */ = {
			isa = XCConfigurationList;
			buildConfigurations = (
				73AD621F2885A35900F61C8A /* Debug */,
				73AD62202885A35900F61C8A /* Release */,
			);
			defaultConfigurationIsVisible = 0;
			defaultConfigurationName = Release;
		};
		73AD62212885A35900F61C8A /* Build configuration list for PBXNativeTarget "contrail2" */ = {
			isa = XCConfigurationList;
			buildConfigurations = (
				73AD62222885A35900F61C8A /* Debug */,
				73AD62232885A35900F61C8A /* Release */,
			);
			defaultConfigurationIsVisible = 0;
			defaultConfigurationName = Release;
		};
		73AD62242885A35900F61C8A /* Build configuration list for PBXNativeTarget "contrail2Tests" */ = {
			isa = XCConfigurationList;
			buildConfigurations = (
				73AD62252885A35900F61C8A /* Debug */,
				73AD62262885A35900F61C8A /* Release */,
			);
			defaultConfigurationIsVisible = 0;
			defaultConfigurationName = Release;
		};
		73AD62272885A35900F61C8A /* Build configuration list for PBXNativeTarget "contrail2UITests" */ = {
			isa = XCConfigurationList;
			buildConfigurations = (
				73AD62282885A35900F61C8A /* Debug */,
				73AD62292885A35900F61C8A /* Release */,
			);
			defaultConfigurationIsVisible = 0;
			defaultConfigurationName = Release;
		};
/* End XCConfigurationList section */

/* Begin XCRemoteSwiftPackageReference section */
		73AD62502885ABB300F61C8A /* XCRemoteSwiftPackageReference "apollo-ios" */ = {
			isa = XCRemoteSwiftPackageReference;
			repositoryURL = "https://github.com/apollographql/apollo-ios.git";
			requirement = {
				kind = exactVersion;
				version = 0.52.0;
			};
		};
/* End XCRemoteSwiftPackageReference section */

/* Begin XCSwiftPackageProductDependency section */
		73AD62512885ABB300F61C8A /* Apollo */ = {
			isa = XCSwiftPackageProductDependency;
			package = 73AD62502885ABB300F61C8A /* XCRemoteSwiftPackageReference "apollo-ios" */;
			productName = Apollo;
		};
/* End XCSwiftPackageProductDependency section */
	};
	rootObject = 73AD61F52885A35700F61C8A /* Project object */;
}
